
Microsoft Visual Studio Solution File, Format Version 12.00
# Visual Studio Version 17
VisualStudioVersion = 17.10.34916.146
MinimumVisualStudioVersion = 10.0.40219.1
Project("{FAE04EC0-301F-11D3-BF4B-00C04F79EFBC}") = "MarketProgram", "MarketProgram\MarketProgram.csproj", "{7858DAB7-4B36-4C74-B072-81F00AE7273E}"
EndProject
Global
	GlobalSection(SolutionConfigurationPlatforms) = preSolution
		Debug|Any CPU = Debug|Any CPU
		Release|Any CPU = Release|Any CPU
	EndGlobalSection
	GlobalSection(ProjectConfigurationPlatforms) = postSolution
		{7858DAB7-4B36-4C74-B072-81F00AE7273E}.Debug|Any CPU.ActiveCfg = Debug|Any CPU
		{7858DAB7-4B36-4C74-B072-81F00AE7273E}.Debug|Any CPU.Build.0 = Debug|Any CPU
		{7858DAB7-4B36-4C74-B072-81F00AE7273E}.Release|Any CPU.ActiveCfg = Release|Any CPU
		{7858DAB7-4B36-4C74-B072-81F00AE7273E}.Release|Any CPU.Build.0 = Release|Any CPU
	EndGlobalSection
	GlobalSection(SolutionProperties) = preSolution
		HideSolutionNode = FALSE
	EndGlobalSection
	GlobalSection(ExtensibilityGlobals) = postSolution
		SolutionGuid = {2218862A-6435-4077-AE7C-83F70C439150}
	EndGlobalSection
EndGlobal
